// !$*UTF8*$!
{
	archiveVersion = 1;
	classes = {
	};
	objectVersion = 56;
	objects = {

/* Begin PBXBuildFile section */
		C55CFB622A7AE9FB00659682 /* WelfareApp.swift in Sources */ = {isa = PBXBuildFile; fileRef = C55CFB612A7AE9FB00659682 /* WelfareApp.swift */; };
		C55CFB642A7AE9FB00659682 /* ContentView.swift in Sources */ = {isa = PBXBuildFile; fileRef = C55CFB632A7AE9FB00659682 /* ContentView.swift */; };
		C55CFB662A7AE9FC00659682 /* Assets.xcassets in Resources */ = {isa = PBXBuildFile; fileRef = C55CFB652A7AE9FC00659682 /* Assets.xcassets */; };
		C55CFB692A7AE9FC00659682 /* Preview Assets.xcassets in Resources */ = {isa = PBXBuildFile; fileRef = C55CFB682A7AE9FC00659682 /* Preview Assets.xcassets */; };
		C55CFB792A7AECC500659682 /* chimeup.mp3 in Resources */ = {isa = PBXBuildFile; fileRef = C55CFB772A7AECB200659682 /* chimeup.mp3 */; };
		C55CFB7A2A7AECC900659682 /* success.m4a in Resources */ = {isa = PBXBuildFile; fileRef = C55CFB782A7AECB200659682 /* success.m4a */; };
/* End PBXBuildFile section */

/* Begin PBXFileReference section */
		C55CFB5E2A7AE9FB00659682 /* Welfare.app */ = {isa = PBXFileReference; explicitFileType = wrapper.application; includeInIndex = 0; path = Welfare.app; sourceTree = BUILT_PRODUCTS_DIR; };
		C55CFB612A7AE9FB00659682 /* WelfareApp.swift */ = {isa = PBXFileReference; lastKnownFileType = sourcecode.swift; path = WelfareApp.swift; sourceTree = "<group>"; };
		C55CFB632A7AE9FB00659682 /* ContentView.swift */ = {isa = PBXFileReference; lastKnownFileType = sourcecode.swift; path = ContentView.swift; sourceTree = "<group>"; };
		C55CFB652A7AE9FC00659682 /* Assets.xcassets */ = {isa = PBXFileReference; lastKnownFileType = folder.assetcatalog; path = Assets.xcassets; sourceTree = "<group>"; };
		C55CFB682A7AE9FC00659682 /* Preview Assets.xcassets */ = {isa = PBXFileReference; lastKnownFileType = folder.assetcatalog; path = "Preview Assets.xcassets"; sourceTree = "<group>"; };
		C55CFB772A7AECB200659682 /* chimeup.mp3 */ = {isa = PBXFileReference; lastKnownFileType = audio.mp3; path = chimeup.mp3; sourceTree = "<group>"; };
		C55CFB782A7AECB200659682 /* success.m4a */ = {isa = PBXFileReference; lastKnownFileType = file; path = success.m4a; sourceTree = "<group>"; };
		C55CFB7D2A7AF22A00659682 /* Info.plist */ = {isa = PBXFileReference; lastKnownFileType = text.plist; path = Info.plist; sourceTree = "<group>"; };
/* End PBXFileReference section */

/* Begin PBXFrameworksBuildPhase section */
		C55CFB5B2A7AE9FB00659682 /* Frameworks */ = {
			isa = PBXFrameworksBuildPhase;
			buildActionMask = 2147483647;
			files = (
			);
			runOnlyForDeploymentPostprocessing = 0;
		};
/* End PBXFrameworksBuildPhase section */

/* Begin PBXGroup section */
		C55CFB552A7AE9FB00659682 = {
			isa = PBXGroup;
			children = (
				C55CFB602A7AE9FB00659682 /* Welfare */,
				C55CFB5F2A7AE9FB00659682 /* Products */,
			);
			sourceTree = "<group>";
		};
		C55CFB5F2A7AE9FB00659682 /* Products */ = {
			isa = PBXGroup;
			children = (
				C55CFB5E2A7AE9FB00659682 /* Welfare.app */,
			);
			name = Products;
			sourceTree = "<group>";
		};
		C55CFB602A7AE9FB00659682 /* Welfare */ = {
			isa = PBXGroup;
			children = (
				C55CFB7D2A7AF22A00659682 /* Info.plist */,
				C55CFB7C2A7AF06E00659682 /* Utilities */,
				C55CFB732A7AEC7A00659682 /* Sounds */,
				C55CFB612A7AE9FB00659682 /* WelfareApp.swift */,
				C55CFB7B2A7AEE6A00659682 /* Screens */,
				C55CFB652A7AE9FC00659682 /* Assets.xcassets */,
				C55CFB672A7AE9FC00659682 /* Preview Content */,
			);
			path = Welfare;
			sourceTree = "<group>";
		};
		C55CFB672A7AE9FC00659682 /* Preview Content */ = {
			isa = PBXGroup;
			children = (
				C55CFB682A7AE9FC00659682 /* Preview Assets.xcassets */,
			);
			path = "Preview Content";
			sourceTree = "<group>";
		};
		C55CFB732A7AEC7A00659682 /* Sounds */ = {
			isa = PBXGroup;
			children = (
				C55CFB772A7AECB200659682 /* chimeup.mp3 */,
				C55CFB782A7AECB200659682 /* success.m4a */,
			);
			path = Sounds;
			sourceTree = "<group>";
		};
		C55CFB7B2A7AEE6A00659682 /* Screens */ = {
			isa = PBXGroup;
			children = (
				C55CFB632A7AE9FB00659682 /* ContentView.swift */,
			);
			path = Screens;
			sourceTree = "<group>";
		};
		C55CFB7C2A7AF06E00659682 /* Utilities */ = {
			isa = PBXGroup;
			children = (
			);
			path = Utilities;
			sourceTree = "<group>";
		};
/* End PBXGroup section */

/* Begin PBXNativeTarget section */
		C55CFB5D2A7AE9FB00659682 /* Welfare */ = {
			isa = PBXNativeTarget;
			buildConfigurationList = C55CFB6C2A7AE9FC00659682 /* Build configuration list for PBXNativeTarget "Welfare" */;
			buildPhases = (
				C55CFB5A2A7AE9FB00659682 /* Sources */,
				C55CFB5B2A7AE9FB00659682 /* Frameworks */,
				C55CFB5C2A7AE9FB00659682 /* Resources */,
			);
			buildRules = (
			);
			dependencies = (
			);
			name = Welfare;
			productName = Welfare;
			productReference = C55CFB5E2A7AE9FB00659682 /* Welfare.app */;
			productType = "com.apple.product-type.application";
		};
/* End PBXNativeTarget section */

/* Begin PBXProject section */
		C55CFB562A7AE9FB00659682 /* Project object */ = {
			isa = PBXProject;
			attributes = {
				BuildIndependentTargetsInParallel = 1;
				LastSwiftUpdateCheck = 1420;
				LastUpgradeCheck = 1420;
				TargetAttributes = {
					C55CFB5D2A7AE9FB00659682 = {
						CreatedOnToolsVersion = 14.2;
					};
				};
			};
			buildConfigurationList = C55CFB592A7AE9FB00659682 /* Build configuration list for PBXProject "Welfare" */;
			compatibilityVersion = "Xcode 14.0";
			developmentRegion = en;
			hasScannedForEncodings = 0;
			knownRegions = (
				en,
				Base,
			);
			mainGroup = C55CFB552A7AE9FB00659682;
			productRefGroup = C55CFB5F2A7AE9FB00659682 /* Products */;
			projectDirPath = "";
			projectRoot = "";
			targets = (
				C55CFB5D2A7AE9FB00659682 /* Welfare */,
			);
		};
/* End PBXProject section */

/* Begin PBXResourcesBuildPhase section */
		C55CFB5C2A7AE9FB00659682 /* Resources */ = {
			isa = PBXResourcesBuildPhase;
			buildActionMask = 2147483647;
			files = (
				C55CFB7A2A7AECC900659682 /* success.m4a in Resources */,
				C55CFB792A7AECC500659682 /* chimeup.mp3 in Resources */,
				C55CFB692A7AE9FC00659682 /* Preview Assets.xcassets in Resources */,
				C55CFB662A7AE9FC00659682 /* Assets.xcassets in Resources */,
			);
			runOnlyForDeploymentPostprocessing = 0;
		};
/* End PBXResourcesBuildPhase section */

/* Begin PBXSourcesBuildPhase section */
		C55CFB5A2A7AE9FB00659682 /* Sources */ = {
			isa = PBXSourcesBuildPhase;
			buildActionMask = 2147483647;
			files = (
				C55CFB642A7AE9FB00659682 /* ContentView.swift in Sources */,
				C55CFB622A7AE9FB00659682 /* WelfareApp.swift in Sources */,
			);
			runOnlyForDeploymentPostprocessing = 0;
		};
/* End PBXSourcesBuildPhase section */

/* Begin XCBuildConfiguration section */
		C55CFB6A2A7AE9FC00659682 /* Debug */ = {
			isa = XCBuildConfiguration;
			buildSettings = {
				ALWAYS_SEARCH_USER_PATHS = NO;
				CLANG_ANALYZER_NONNULL = YES;
				CLANG_ANALYZER_NUMBER_OBJECT_CONVERSION = YES_AGGRESSIVE;
				CLANG_CXX_LANGUAGE_STANDARD = "gnu++20";
				CLANG_ENABLE_MODULES = YES;
				CLANG_ENABLE_OBJC_ARC = YES;
				CLANG_ENABLE_OBJC_WEAK = YES;
				CLANG_WARN_BLOCK_CAPTURE_AUTORELEASING = YES;
				CLANG_WARN_BOOL_CONVERSION = YES;
				CLANG_WARN_COMMA = YES;
				CLANG_WARN_CONSTANT_CONVERSION = YES;
				CLANG_WARN_DEPRECATED_OBJC_IMPLEMENTATIONS = YES;
				CLANG_WARN_DIRECT_OBJC_ISA_USAGE = YES_ERROR;
				CLANG_WARN_DOCUMENTATION_COMMENTS = YES;
				CLANG_WARN_EMPTY_BODY = YES;
				CLANG_WARN_ENUM_CONVERSION = YES;
				CLANG_WARN_INFINITE_RECURSION = YES;
				CLANG_WARN_INT_CONVERSION = YES;
				CLANG_WARN_NON_LITERAL_NULL_CONVERSION = YES;
				CLANG_WARN_OBJC_IMPLICIT_RETAIN_SELF = YES;
				CLANG_WARN_OBJC_LITERAL_CONVERSION = YES;
				CLANG_WARN_OBJC_ROOT_CLASS = YES_ERROR;
				CLANG_WARN_QUOTED_INCLUDE_IN_FRAMEWORK_HEADER = YES;
				CLANG_WARN_RANGE_LOOP_ANALYSIS = YES;
				CLANG_WARN_STRICT_PROTOTYPES = YES;
				CLANG_WARN_SUSPICIOUS_MOVE = YES;
				CLANG_WARN_UNGUARDED_AVAILABILITY = YES_AGGRESSIVE;
				CLANG_WARN_UNREACHABLE_CODE = YES;
				CLANG_WARN__DUPLICATE_METHOD_MATCH = YES;
				COPY_PHASE_STRIP = NO;
				DEBUG_INFORMATION_FORMAT = dwarf;
				ENABLE_STRICT_OBJC_MSGSEND = YES;
				ENABLE_TESTABILITY = YES;
				GCC_C_LANGUAGE_STANDARD = gnu11;
				GCC_DYNAMIC_NO_PIC = NO;
				GCC_NO_COMMON_BLOCKS = YES;
				GCC_OPTIMIZATION_LEVEL = 0;
				GCC_PREPROCESSOR_DEFINITIONS = (
					"DEBUG=1",
					"$(inherited)",
				);
				GCC_WARN_64_TO_32_BIT_CONVERSION = YES;
				GCC_WARN_ABOUT_RETURN_TYPE = YES_ERROR;
				GCC_WARN_UNDECLARED_SELECTOR = YES;
				GCC_WARN_UNINITIALIZED_AUTOS = YES_AGGRESSIVE;
				GCC_WARN_UNUSED_FUNCTION = YES;
				GCC_WARN_UNUSED_VARIABLE = YES;
				IPHONEOS_DEPLOYMENT_TARGET = 16.2;
				MTL_ENABLE_DEBUG_INFO = INCLUDE_SOURCE;
				MTL_FAST_MATH = YES;
				ONLY_ACTIVE_ARCH = YES;
				SDKROOT = iphoneos;
				SWIFT_ACTIVE_COMPILATION_CONDITIONS = DEBUG;
				SWIFT_OPTIMIZATION_LEVEL = "-Onone";
			};
			name = Debug;
		};
		C55CFB6B2A7AE9FC00659682 /* Release */ = {
			isa = XCBuildConfiguration;
			buildSettings = {
				ALWAYS_SEARCH_USER_PATHS = NO;
				CLANG_ANALYZER_NONNULL = YES;
				CLANG_ANALYZER_NUMBER_OBJECT_CONVERSION = YES_AGGRESSIVE;
				CLANG_CXX_LANGUAGE_STANDARD = "gnu++20";
				CLANG_ENABLE_MODULES = YES;
				CLANG_ENABLE_OBJC_ARC = YES;
				CLANG_ENABLE_OBJC_WEAK = YES;
				CLANG_WARN_BLOCK_CAPTURE_AUTORELEASING = YES;
				CLANG_WARN_BOOL_CONVERSION = YES;
				CLANG_WARN_COMMA = YES;
				CLANG_WARN_CONSTANT_CONVERSION = YES;
				CLANG_WARN_DEPRECATED_OBJC_IMPLEMENTATIONS = YES;
				CLANG_WARN_DIRECT_OBJC_ISA_USAGE = YES_ERROR;
				CLANG_WARN_DOCUMENTATION_COMMENTS = YES;
				CLANG_WARN_EMPTY_BODY = YES;
				CLANG_WARN_ENUM_CONVERSION = YES;
				CLANG_WARN_INFINITE_RECURSION = YES;
				CLANG_WARN_INT_CONVERSION = YES;
				CLANG_WARN_NON_LITERAL_NULL_CONVERSION = YES;
				CLANG_WARN_OBJC_IMPLICIT_RETAIN_SELF = YES;
				CLANG_WARN_OBJC_LITERAL_CONVERSION = YES;
				CLANG_WARN_OBJC_ROOT_CLASS = YES_ERROR;
				CLANG_WARN_QUOTED_INCLUDE_IN_FRAMEWORK_HEADER = YES;
				CLANG_WARN_RANGE_LOOP_ANALYSIS = YES;
				CLANG_WARN_STRICT_PROTOTYPES = YES;
				CLANG_WARN_SUSPICIOUS_MOVE = YES;
				CLANG_WARN_UNGUARDED_AVAILABILITY = YES_AGGRESSIVE;
				CLANG_WARN_UNREACHABLE_CODE = YES;
				CLANG_WARN__DUPLICATE_METHOD_MATCH = YES;
				COPY_PHASE_STRIP = NO;
				DEBUG_INFORMATION_FORMAT = "dwarf-with-dsym";
				ENABLE_NS_ASSERTIONS = NO;
				ENABLE_STRICT_OBJC_MSGSEND = YES;
				GCC_C_LANGUAGE_STANDARD = gnu11;
				GCC_NO_COMMON_BLOCKS = YES;
				GCC_WARN_64_TO_32_BIT_CONVERSION = YES;
				GCC_WARN_ABOUT_RETURN_TYPE = YES_ERROR;
				GCC_WARN_UNDECLARED_SELECTOR = YES;
				GCC_WARN_UNINITIALIZED_AUTOS = YES_AGGRESSIVE;
				GCC_WARN_UNUSED_FUNCTION = YES;
				GCC_WARN_UNUSED_VARIABLE = YES;
				IPHONEOS_DEPLOYMENT_TARGET = 16.2;
				MTL_ENABLE_DEBUG_INFO = NO;
				MTL_FAST_MATH = YES;
				SDKROOT = iphoneos;
				SWIFT_COMPILATION_MODE = wholemodule;
				SWIFT_OPTIMIZATION_LEVEL = "-O";
				VALIDATE_PRODUCT = YES;
			};
			name = Release;
		};
		C55CFB6D2A7AE9FC00659682 /* Debug */ = {
			isa = XCBuildConfiguration;
			buildSettings = {
				ASSETCATALOG_COMPILER_APPICON_NAME = AppIcon;
				ASSETCATALOG_COMPILER_GLOBAL_ACCENT_COLOR_NAME = AccentColor;
				CODE_SIGN_STYLE = Automatic;
				CURRENT_PROJECT_VERSION = 1;
				DEVELOPMENT_ASSET_PATHS = "\"Welfare/Preview Content\"";
				DEVELOPMENT_TEAM = N37W993B25;
				ENABLE_PREVIEWS = YES;
				GENERATE_INFOPLIST_FILE = YES;
				INFOPLIST_FILE = Welfare/Info.plist;
				INFOPLIST_KEY_UIApplicationSceneManifest_Generation = YES;
				INFOPLIST_KEY_UIApplicationSupportsIndirectInputEvents = YES;
				INFOPLIST_KEY_UISupportedInterfaceOrientations = UIInterfaceOrientationPortrait;
				INFOPLIST_KEY_UISupportedInterfaceOrientations_iPad = "UIInterfaceOrientationLandscapeLeft UIInterfaceOrientationLandscapeRight UIInterfaceOrientationPortrait UIInterfaceOrientationPortraitUpsideDown";
				LD_RUNPATH_SEARCH_PATHS = (
					"$(inherited)",
					"@executable_path/Frameworks",
				);
				MARKETING_VERSION = 1.0;
				PRODUCT_BUNDLE_IDENTIFIER = com.paolaciarcia.Welfare;
				PRODUCT_NAME = "$(TARGET_NAME)";
				SWIFT_EMIT_LOC_STRINGS = YES;
				SWIFT_VERSION = 5.0;
				TARGETED_DEVICE_FAMILY = "1,2";
			};
			name = Debug;
		};
		C55CFB6E2A7AE9FC00659682 /* Release */ = {
			isa = XCBuildConfiguration;
			buildSettings = {
				ASSETCATALOG_COMPILER_APPICON_NAME = AppIcon;
				ASSETCATALOG_COMPILER_GLOBAL_ACCENT_COLOR_NAME = AccentColor;
				CODE_SIGN_STYLE = Automatic;
				CURRENT_PROJECT_VERSION = 1;
				DEVELOPMENT_ASSET_PATHS = "\"Welfare/Preview Content\"";
				DEVELOPMENT_TEAM = N37W993B25;
				ENABLE_PREVIEWS = YES;
				GENERATE_INFOPLIST_FILE = YES;
				INFOPLIST_FILE = Welfare/Info.plist;
				INFOPLIST_KEY_UIApplicationSceneManifest_Generation = YES;
				INFOPLIST_KEY_UIApplicationSupportsIndirectInputEvents = YES;
				INFOPLIST_KEY_UISupportedInterfaceOrientations = UIInterfaceOrientationPortrait;
				INFOPLIST_KEY_UISupportedInterfaceOrientations_iPad = "UIInterfaceOrientationLandscapeLeft UIInterfaceOrientationLandscapeRight UIInterfaceOrientationPortrait UIInterfaceOrientationPortraitUpsideDown";
				LD_RUNPATH_SEARCH_PATHS = (
					"$(inherited)",
					"@executable_path/Frameworks",
				);
				MARKETING_VERSION = 1.0;
				PRODUCT_BUNDLE_IDENTIFIER = com.paolaciarcia.Welfare;
				PRODUCT_NAME = "$(TARGET_NAME)";
				SWIFT_EMIT_LOC_STRINGS = YES;
				SWIFT_VERSION = 5.0;
				TARGETED_DEVICE_FAMILY = "1,2";
			};
			name = Release;
		};
/* End XCBuildConfiguration section */

/* Begin XCConfigurationList section */
		C55CFB592A7AE9FB00659682 /* Build configuration list for PBXProject "Welfare" */ = {
			isa = XCConfigurationList;
			buildConfigurations = (
				C55CFB6A2A7AE9FC00659682 /* Debug */,
				C55CFB6B2A7AE9FC00659682 /* Release */,
			);
			defaultConfigurationIsVisible = 0;
			defaultConfigurationName = Release;
		};
		C55CFB6C2A7AE9FC00659682 /* Build configuration list for PBXNativeTarget "Welfare" */ = {
			isa = XCConfigurationList;
			buildConfigurations = (
				C55CFB6D2A7AE9FC00659682 /* Debug */,
				C55CFB6E2A7AE9FC00659682 /* Release */,
			);
			defaultConfigurationIsVisible = 0;
			defaultConfigurationName = Release;
		};
/* End XCConfigurationList section */
	};
	rootObject = C55CFB562A7AE9FB00659682 /* Project object */;
}
